
Microsoft Visual Studio Solution File, Format Version 12.00
# Visual Studio 2013
VisualStudioVersion = 12.0.21005.1
MinimumVisualStudioVersion = 10.0.40219.1
Project("{FAE04EC0-301F-11D3-BF4B-00C04F79EFBC}") = "2.7.1", "2.7.1\2.7.1.csproj", "{D0A93FE5-11A5-4FE1-93E8-59474F069938}"
EndProject
Project("{FAE04EC0-301F-11D3-BF4B-00C04F79EFBC}") = "StackTest.Tests", "StackTest.Tests\StackTest.Tests.csproj", "{26B17F8A-DE05-435F-B93E-E9A373216190}"
EndProject
Project("{FAE04EC0-301F-11D3-BF4B-00C04F79EFBC}") = "ListTest.Tests", "ListTest.Tests\ListTest.Tests.csproj", "{44F8F3DA-BB7B-48F0-B135-7124A2C0853C}"
EndProject
Global
	GlobalSection(SolutionConfigurationPlatforms) = preSolution
		Debug|Any CPU = Debug|Any CPU
		Release|Any CPU = Release|Any CPU
	EndGlobalSection
	GlobalSection(ProjectConfigurationPlatforms) = postSolution
		{D0A93FE5-11A5-4FE1-93E8-59474F069938}.Debug|Any CPU.ActiveCfg = Debug|Any CPU
		{D0A93FE5-11A5-4FE1-93E8-59474F069938}.Debug|Any CPU.Build.0 = Debug|Any CPU
		{D0A93FE5-11A5-4FE1-93E8-59474F069938}.Release|Any CPU.ActiveCfg = Release|Any CPU
		{D0A93FE5-11A5-4FE1-93E8-59474F069938}.Release|Any CPU.Build.0 = Release|Any CPU
		{26B17F8A-DE05-435F-B93E-E9A373216190}.Debug|Any CPU.ActiveCfg = Debug|Any CPU
		{26B17F8A-DE05-435F-B93E-E9A373216190}.Debug|Any CPU.Build.0 = Debug|Any CPU
		{26B17F8A-DE05-435F-B93E-E9A373216190}.Release|Any CPU.ActiveCfg = Release|Any CPU
		{26B17F8A-DE05-435F-B93E-E9A373216190}.Release|Any CPU.Build.0 = Release|Any CPU
		{44F8F3DA-BB7B-48F0-B135-7124A2C0853C}.Debug|Any CPU.ActiveCfg = Debug|Any CPU
		{44F8F3DA-BB7B-48F0-B135-7124A2C0853C}.Debug|Any CPU.Build.0 = Debug|Any CPU
		{44F8F3DA-BB7B-48F0-B135-7124A2C0853C}.Release|Any CPU.ActiveCfg = Release|Any CPU
		{44F8F3DA-BB7B-48F0-B135-7124A2C0853C}.Release|Any CPU.Build.0 = Release|Any CPU
	EndGlobalSection
	GlobalSection(SolutionProperties) = preSolution
		HideSolutionNode = FALSE
	EndGlobalSection
EndGlobal
