
Microsoft Visual Studio Solution File, Format Version 12.00
# Visual Studio 2013
VisualStudioVersion = 12.0.21005.1
MinimumVisualStudioVersion = 10.0.40219.1
Project("{8BC9CEB8-8B4A-11D0-8D11-00A0C91BC942}") = "Task7", "Task7\Task7.vcxproj", "{57A1ABE0-AE80-4102-A2D7-657770843F91}"
EndProject
Project("{8BC9CEB8-8B4A-11D0-8D11-00A0C91BC942}") = "Task9", "..\Task9\Task9\Task9.vcxproj", "{1CF1EBDE-ABB3-4BE2-8B84-5D5E81800117}"
EndProject
Project("{8BC9CEB8-8B4A-11D0-8D11-00A0C91BC942}") = "Task4", "..\Task4\Task4\Task4.vcxproj", "{0D13606D-C7D6-40E9-8596-067CF64BB5E4}"
EndProject
Project("{8BC9CEB8-8B4A-11D0-8D11-00A0C91BC942}") = "Task1", "..\Task1\Task1\Task1.vcxproj", "{3D3178A9-98EE-4C28-8C16-9491DA4B3091}"
EndProject
Project("{8BC9CEB8-8B4A-11D0-8D11-00A0C91BC942}") = "Task8", "..\Task8\Task8\Task8.vcxproj", "{AFA5DF54-899B-4E7C-83EB-FA0563916C54}"
EndProject
Project("{8BC9CEB8-8B4A-11D0-8D11-00A0C91BC942}") = "Task5", "..\Task5\Task5\Task5.vcxproj", "{73231926-A4A7-477B-9B0C-8D8ACEE77745}"
EndProject
Project("{8BC9CEB8-8B4A-11D0-8D11-00A0C91BC942}") = "Task6", "..\Task6\Task6\Task6.vcxproj", "{59D6998C-BEFE-45A3-9653-0C735B6CBA8B}"
EndProject
Project("{8BC9CEB8-8B4A-11D0-8D11-00A0C91BC942}") = "Task10", "..\Task10\Task10\Task10.vcxproj", "{CB6B4096-7944-4BEF-B1D2-3BDBB78D3114}"
EndProject
Global
	GlobalSection(SolutionConfigurationPlatforms) = preSolution
		Debug|Win32 = Debug|Win32
		Release|Win32 = Release|Win32
	EndGlobalSection
	GlobalSection(ProjectConfigurationPlatforms) = postSolution
		{57A1ABE0-AE80-4102-A2D7-657770843F91}.Debug|Win32.ActiveCfg = Debug|Win32
		{57A1ABE0-AE80-4102-A2D7-657770843F91}.Debug|Win32.Build.0 = Debug|Win32
		{57A1ABE0-AE80-4102-A2D7-657770843F91}.Release|Win32.ActiveCfg = Release|Win32
		{57A1ABE0-AE80-4102-A2D7-657770843F91}.Release|Win32.Build.0 = Release|Win32
		{1CF1EBDE-ABB3-4BE2-8B84-5D5E81800117}.Debug|Win32.ActiveCfg = Debug|Win32
		{1CF1EBDE-ABB3-4BE2-8B84-5D5E81800117}.Debug|Win32.Build.0 = Debug|Win32
		{1CF1EBDE-ABB3-4BE2-8B84-5D5E81800117}.Release|Win32.ActiveCfg = Release|Win32
		{1CF1EBDE-ABB3-4BE2-8B84-5D5E81800117}.Release|Win32.Build.0 = Release|Win32
		{0D13606D-C7D6-40E9-8596-067CF64BB5E4}.Debug|Win32.ActiveCfg = Debug|Win32
		{0D13606D-C7D6-40E9-8596-067CF64BB5E4}.Debug|Win32.Build.0 = Debug|Win32
		{0D13606D-C7D6-40E9-8596-067CF64BB5E4}.Release|Win32.ActiveCfg = Release|Win32
		{0D13606D-C7D6-40E9-8596-067CF64BB5E4}.Release|Win32.Build.0 = Release|Win32
		{3D3178A9-98EE-4C28-8C16-9491DA4B3091}.Debug|Win32.ActiveCfg = Debug|Win32
		{3D3178A9-98EE-4C28-8C16-9491DA4B3091}.Debug|Win32.Build.0 = Debug|Win32
		{3D3178A9-98EE-4C28-8C16-9491DA4B3091}.Release|Win32.ActiveCfg = Release|Win32
		{3D3178A9-98EE-4C28-8C16-9491DA4B3091}.Release|Win32.Build.0 = Release|Win32
		{AFA5DF54-899B-4E7C-83EB-FA0563916C54}.Debug|Win32.ActiveCfg = Debug|Win32
		{AFA5DF54-899B-4E7C-83EB-FA0563916C54}.Debug|Win32.Build.0 = Debug|Win32
		{AFA5DF54-899B-4E7C-83EB-FA0563916C54}.Release|Win32.ActiveCfg = Release|Win32
		{AFA5DF54-899B-4E7C-83EB-FA0563916C54}.Release|Win32.Build.0 = Release|Win32
		{73231926-A4A7-477B-9B0C-8D8ACEE77745}.Debug|Win32.ActiveCfg = Debug|Win32
		{73231926-A4A7-477B-9B0C-8D8ACEE77745}.Debug|Win32.Build.0 = Debug|Win32
		{73231926-A4A7-477B-9B0C-8D8ACEE77745}.Release|Win32.ActiveCfg = Release|Win32
		{73231926-A4A7-477B-9B0C-8D8ACEE77745}.Release|Win32.Build.0 = Release|Win32
		{59D6998C-BEFE-45A3-9653-0C735B6CBA8B}.Debug|Win32.ActiveCfg = Debug|Win32
		{59D6998C-BEFE-45A3-9653-0C735B6CBA8B}.Debug|Win32.Build.0 = Debug|Win32
		{59D6998C-BEFE-45A3-9653-0C735B6CBA8B}.Release|Win32.ActiveCfg = Release|Win32
		{59D6998C-BEFE-45A3-9653-0C735B6CBA8B}.Release|Win32.Build.0 = Release|Win32
		{CB6B4096-7944-4BEF-B1D2-3BDBB78D3114}.Debug|Win32.ActiveCfg = Debug|Win32
		{CB6B4096-7944-4BEF-B1D2-3BDBB78D3114}.Debug|Win32.Build.0 = Debug|Win32
		{CB6B4096-7944-4BEF-B1D2-3BDBB78D3114}.Release|Win32.ActiveCfg = Release|Win32
		{CB6B4096-7944-4BEF-B1D2-3BDBB78D3114}.Release|Win32.Build.0 = Release|Win32
	EndGlobalSection
	GlobalSection(SolutionProperties) = preSolution
		HideSolutionNode = FALSE
	EndGlobalSection
EndGlobal
