
Microsoft Visual Studio Solution File, Format Version 12.00
# Visual Studio 2013
VisualStudioVersion = 12.0.21005.1
MinimumVisualStudioVersion = 10.0.40219.1
Project("{FAE04EC0-301F-11D3-BF4B-00C04F79EFBC}") = "2.3.2", "2.3.2\2.3.2.csproj", "{745E8050-BA60-4FEF-8C99-ADBFD2A6FF0E}"
EndProject
Project("{FAE04EC0-301F-11D3-BF4B-00C04F79EFBC}") = "2.3.2.List.Tests", "2.3.2.Tests\2.3.2.List.Tests.csproj", "{F3FF95D6-A8D8-4E1C-92A6-F3495C3D8209}"
EndProject
Project("{FAE04EC0-301F-11D3-BF4B-00C04F79EFBC}") = "2.3.2.Hash.Tests", "2.3.2.Hash.Tests\2.3.2.Hash.Tests.csproj", "{782201E3-0C14-48A5-89C8-7A6EF9FADB15}"
EndProject
Global
	GlobalSection(SolutionConfigurationPlatforms) = preSolution
		Debug|Any CPU = Debug|Any CPU
		Release|Any CPU = Release|Any CPU
	EndGlobalSection
	GlobalSection(ProjectConfigurationPlatforms) = postSolution
		{745E8050-BA60-4FEF-8C99-ADBFD2A6FF0E}.Debug|Any CPU.ActiveCfg = Debug|Any CPU
		{745E8050-BA60-4FEF-8C99-ADBFD2A6FF0E}.Debug|Any CPU.Build.0 = Debug|Any CPU
		{745E8050-BA60-4FEF-8C99-ADBFD2A6FF0E}.Release|Any CPU.ActiveCfg = Release|Any CPU
		{745E8050-BA60-4FEF-8C99-ADBFD2A6FF0E}.Release|Any CPU.Build.0 = Release|Any CPU
		{F3FF95D6-A8D8-4E1C-92A6-F3495C3D8209}.Debug|Any CPU.ActiveCfg = Debug|Any CPU
		{F3FF95D6-A8D8-4E1C-92A6-F3495C3D8209}.Debug|Any CPU.Build.0 = Debug|Any CPU
		{F3FF95D6-A8D8-4E1C-92A6-F3495C3D8209}.Release|Any CPU.ActiveCfg = Release|Any CPU
		{F3FF95D6-A8D8-4E1C-92A6-F3495C3D8209}.Release|Any CPU.Build.0 = Release|Any CPU
		{782201E3-0C14-48A5-89C8-7A6EF9FADB15}.Debug|Any CPU.ActiveCfg = Debug|Any CPU
		{782201E3-0C14-48A5-89C8-7A6EF9FADB15}.Debug|Any CPU.Build.0 = Debug|Any CPU
		{782201E3-0C14-48A5-89C8-7A6EF9FADB15}.Release|Any CPU.ActiveCfg = Release|Any CPU
		{782201E3-0C14-48A5-89C8-7A6EF9FADB15}.Release|Any CPU.Build.0 = Release|Any CPU
	EndGlobalSection
	GlobalSection(SolutionProperties) = preSolution
		HideSolutionNode = FALSE
	EndGlobalSection
EndGlobal
