
Microsoft Visual Studio Solution File, Format Version 12.00
# Visual Studio 2013
VisualStudioVersion = 12.0.21005.1
MinimumVisualStudioVersion = 10.0.40219.1
Project("{FAE04EC0-301F-11D3-BF4B-00C04F79EFBC}") = "2.4.2", "2.4.2\2.4.2.csproj", "{68DA50EC-6A81-4322-AB3F-8EDF928B22CA}"
EndProject
Project("{FAE04EC0-301F-11D3-BF4B-00C04F79EFBC}") = "uniqueList.Tests", "uniqueList.Tests\uniqueList.Tests.csproj", "{6E513F30-201D-43E2-AAF0-B47F6DEF3C68}"
EndProject
Global
	GlobalSection(SolutionConfigurationPlatforms) = preSolution
		Debug|Any CPU = Debug|Any CPU
		Release|Any CPU = Release|Any CPU
	EndGlobalSection
	GlobalSection(ProjectConfigurationPlatforms) = postSolution
		{68DA50EC-6A81-4322-AB3F-8EDF928B22CA}.Debug|Any CPU.ActiveCfg = Debug|Any CPU
		{68DA50EC-6A81-4322-AB3F-8EDF928B22CA}.Debug|Any CPU.Build.0 = Debug|Any CPU
		{68DA50EC-6A81-4322-AB3F-8EDF928B22CA}.Release|Any CPU.ActiveCfg = Release|Any CPU
		{68DA50EC-6A81-4322-AB3F-8EDF928B22CA}.Release|Any CPU.Build.0 = Release|Any CPU
		{6E513F30-201D-43E2-AAF0-B47F6DEF3C68}.Debug|Any CPU.ActiveCfg = Debug|Any CPU
		{6E513F30-201D-43E2-AAF0-B47F6DEF3C68}.Debug|Any CPU.Build.0 = Debug|Any CPU
		{6E513F30-201D-43E2-AAF0-B47F6DEF3C68}.Release|Any CPU.ActiveCfg = Release|Any CPU
		{6E513F30-201D-43E2-AAF0-B47F6DEF3C68}.Release|Any CPU.Build.0 = Release|Any CPU
	EndGlobalSection
	GlobalSection(SolutionProperties) = preSolution
		HideSolutionNode = FALSE
	EndGlobalSection
EndGlobal
